// !$*UTF8*$!
{
	archiveVersion = 1;
	classes = {
	};
	objectVersion = 56;
	objects = {

/* Begin PBXBuildFile section */
		F50D63D5298930BC00A86658 /* p1.json in Resources */ = {isa = PBXBuildFile; fileRef = F50D63D4298930BC00A86658 /* p1.json */; };
		F50D63D7298933D700A86658 /* SelectedVerseViewController.swift in Sources */ = {isa = PBXBuildFile; fileRef = F50D63D6298933D700A86658 /* SelectedVerseViewController.swift */; };
		F50D63D9298933F900A86658 /* SelectedVerseCell.swift in Sources */ = {isa = PBXBuildFile; fileRef = F50D63D8298933F900A86658 /* SelectedVerseCell.swift */; };
		F50D63DB2989435400A86658 /* VerseData.swift in Sources */ = {isa = PBXBuildFile; fileRef = F50D63DA2989435400A86658 /* VerseData.swift */; };
		F50D63DD29894C9500A86658 /* DataLoader.swift in Sources */ = {isa = PBXBuildFile; fileRef = F50D63DC29894C9400A86658 /* DataLoader.swift */; };
		F56CC8662987C87A003FAC1B /* AppDelegate.swift in Sources */ = {isa = PBXBuildFile; fileRef = F56CC8652987C87A003FAC1B /* AppDelegate.swift */; };
		F56CC8682987C87A003FAC1B /* SceneDelegate.swift in Sources */ = {isa = PBXBuildFile; fileRef = F56CC8672987C87A003FAC1B /* SceneDelegate.swift */; };
		F56CC86A2987C87A003FAC1B /* ViewController.swift in Sources */ = {isa = PBXBuildFile; fileRef = F56CC8692987C87A003FAC1B /* ViewController.swift */; };
		F56CC86D2987C87A003FAC1B /* Main.storyboard in Resources */ = {isa = PBXBuildFile; fileRef = F56CC86B2987C87A003FAC1B /* Main.storyboard */; };
		F56CC86F2987C87C003FAC1B /* Assets.xcassets in Resources */ = {isa = PBXBuildFile; fileRef = F56CC86E2987C87C003FAC1B /* Assets.xcassets */; };
		F56CC8722987C87C003FAC1B /* LaunchScreen.storyboard in Resources */ = {isa = PBXBuildFile; fileRef = F56CC8702987C87C003FAC1B /* LaunchScreen.storyboard */; };
		F56CC8802987CD98003FAC1B /* VerseViewController.swift in Sources */ = {isa = PBXBuildFile; fileRef = F56CC87E2987CD98003FAC1B /* VerseViewController.swift */; };
		F5B741582987DD5900676827 /* Constants.swift in Sources */ = {isa = PBXBuildFile; fileRef = F5B741572987DD5900676827 /* Constants.swift */; };
		F5B7415A2987DE1500676827 /* LabelTest.swift in Sources */ = {isa = PBXBuildFile; fileRef = F5B741592987DE1500676827 /* LabelTest.swift */; };
		F5B7415C2987E46700676827 /* DataFile.swift in Sources */ = {isa = PBXBuildFile; fileRef = F5B7415B2987E46700676827 /* DataFile.swift */; };
		F5B74160298809E800676827 /* VerseCell.swift in Sources */ = {isa = PBXBuildFile; fileRef = F5B7415F298809E800676827 /* VerseCell.swift */; };
/* End PBXBuildFile section */

/* Begin PBXFileReference section */
		F50D63D4298930BC00A86658 /* p1.json */ = {isa = PBXFileReference; fileEncoding = 4; lastKnownFileType = text.json; path = p1.json; sourceTree = "<group>"; };
		F50D63D6298933D700A86658 /* SelectedVerseViewController.swift */ = {isa = PBXFileReference; lastKnownFileType = sourcecode.swift; path = SelectedVerseViewController.swift; sourceTree = "<group>"; };
		F50D63D8298933F900A86658 /* SelectedVerseCell.swift */ = {isa = PBXFileReference; lastKnownFileType = sourcecode.swift; path = SelectedVerseCell.swift; sourceTree = "<group>"; };
		F50D63DA2989435400A86658 /* VerseData.swift */ = {isa = PBXFileReference; lastKnownFileType = sourcecode.swift; path = VerseData.swift; sourceTree = "<group>"; };
		F50D63DC29894C9400A86658 /* DataLoader.swift */ = {isa = PBXFileReference; lastKnownFileType = sourcecode.swift; path = DataLoader.swift; sourceTree = "<group>"; };
		F56CC8622987C87A003FAC1B /* Kerim Kuran.app */ = {isa = PBXFileReference; explicitFileType = wrapper.application; includeInIndex = 0; path = "Kerim Kuran.app"; sourceTree = BUILT_PRODUCTS_DIR; };
		F56CC8652987C87A003FAC1B /* AppDelegate.swift */ = {isa = PBXFileReference; lastKnownFileType = sourcecode.swift; path = AppDelegate.swift; sourceTree = "<group>"; };
		F56CC8672987C87A003FAC1B /* SceneDelegate.swift */ = {isa = PBXFileReference; lastKnownFileType = sourcecode.swift; path = SceneDelegate.swift; sourceTree = "<group>"; };
		F56CC8692987C87A003FAC1B /* ViewController.swift */ = {isa = PBXFileReference; lastKnownFileType = sourcecode.swift; path = ViewController.swift; sourceTree = "<group>"; };
		F56CC86C2987C87A003FAC1B /* Base */ = {isa = PBXFileReference; lastKnownFileType = file.storyboard; name = Base; path = Base.lproj/Main.storyboard; sourceTree = "<group>"; };
		F56CC86E2987C87C003FAC1B /* Assets.xcassets */ = {isa = PBXFileReference; lastKnownFileType = folder.assetcatalog; path = Assets.xcassets; sourceTree = "<group>"; };
		F56CC8712987C87C003FAC1B /* Base */ = {isa = PBXFileReference; lastKnownFileType = file.storyboard; name = Base; path = Base.lproj/LaunchScreen.storyboard; sourceTree = "<group>"; };
		F56CC8732987C87C003FAC1B /* Info.plist */ = {isa = PBXFileReference; lastKnownFileType = text.plist.xml; path = Info.plist; sourceTree = "<group>"; };
		F56CC87E2987CD98003FAC1B /* VerseViewController.swift */ = {isa = PBXFileReference; lastKnownFileType = sourcecode.swift; path = VerseViewController.swift; sourceTree = "<group>"; };
		F5B741572987DD5900676827 /* Constants.swift */ = {isa = PBXFileReference; lastKnownFileType = sourcecode.swift; path = Constants.swift; sourceTree = "<group>"; };
		F5B741592987DE1500676827 /* LabelTest.swift */ = {isa = PBXFileReference; lastKnownFileType = sourcecode.swift; path = LabelTest.swift; sourceTree = "<group>"; };
		F5B7415B2987E46700676827 /* DataFile.swift */ = {isa = PBXFileReference; lastKnownFileType = sourcecode.swift; path = DataFile.swift; sourceTree = "<group>"; };
		F5B7415F298809E800676827 /* VerseCell.swift */ = {isa = PBXFileReference; lastKnownFileType = sourcecode.swift; path = VerseCell.swift; sourceTree = "<group>"; };
/* End PBXFileReference section */

/* Begin PBXFrameworksBuildPhase section */
		F56CC85F2987C87A003FAC1B /* Frameworks */ = {
			isa = PBXFrameworksBuildPhase;
			buildActionMask = 2147483647;
			files = (
			);
			runOnlyForDeploymentPostprocessing = 0;
		};
/* End PBXFrameworksBuildPhase section */

/* Begin PBXGroup section */
		F50D63D3298843D700A86658 /* Model */ = {
			isa = PBXGroup;
			children = (
				F5B7415B2987E46700676827 /* DataFile.swift */,
				F50D63DA2989435400A86658 /* VerseData.swift */,
				F50D63DC29894C9400A86658 /* DataLoader.swift */,
				F5B741592987DE1500676827 /* LabelTest.swift */,
			);
			path = Model;
			sourceTree = "<group>";
		};
		F5536137298B5617000F36CF /* Resources */ = {
			isa = PBXGroup;
			children = (
				F50D63D4298930BC00A86658 /* p1.json */,
				F5B741572987DD5900676827 /* Constants.swift */,
			);
			path = Resources;
			sourceTree = "<group>";
		};
		F5536138298B568F000F36CF /* TableViewCells */ = {
			isa = PBXGroup;
			children = (
				F50D63D8298933F900A86658 /* SelectedVerseCell.swift */,
				F5B7415F298809E800676827 /* VerseCell.swift */,
			);
			path = TableViewCells;
			sourceTree = "<group>";
		};
		F56CC8592987C87A003FAC1B = {
			isa = PBXGroup;
			children = (
				F56CC8642987C87A003FAC1B /* Kerim Kuran */,
				F56CC8632987C87A003FAC1B /* Products */,
			);
			sourceTree = "<group>";
		};
		F56CC8632987C87A003FAC1B /* Products */ = {
			isa = PBXGroup;
			children = (
				F56CC8622987C87A003FAC1B /* Kerim Kuran.app */,
			);
			name = Products;
			sourceTree = "<group>";
		};
		F56CC8642987C87A003FAC1B /* Kerim Kuran */ = {
			isa = PBXGroup;
			children = (
				F56CC8652987C87A003FAC1B /* AppDelegate.swift */,
				F56CC8672987C87A003FAC1B /* SceneDelegate.swift */,
				F5536138298B568F000F36CF /* TableViewCells */,
				F50D63D3298843D700A86658 /* Model */,
				F56CC87D2987CC59003FAC1B /* Views */,
				F56CC87C2987CC45003FAC1B /* ViewControllers */,
				F5536137298B5617000F36CF /* Resources */,
				F56CC86E2987C87C003FAC1B /* Assets.xcassets */,
				F56CC8732987C87C003FAC1B /* Info.plist */,
			);
			path = "Kerim Kuran";
			sourceTree = "<group>";
		};
		F56CC87C2987CC45003FAC1B /* ViewControllers */ = {
			isa = PBXGroup;
			children = (
				F56CC8692987C87A003FAC1B /* ViewController.swift */,
				F56CC87E2987CD98003FAC1B /* VerseViewController.swift */,
				F50D63D6298933D700A86658 /* SelectedVerseViewController.swift */,
			);
			path = ViewControllers;
			sourceTree = "<group>";
		};
		F56CC87D2987CC59003FAC1B /* Views */ = {
			isa = PBXGroup;
			children = (
				F56CC86B2987C87A003FAC1B /* Main.storyboard */,
				F56CC8702987C87C003FAC1B /* LaunchScreen.storyboard */,
			);
			path = Views;
			sourceTree = "<group>";
		};
/* End PBXGroup section */

/* Begin PBXNativeTarget section */
		F56CC8612987C87A003FAC1B /* Kerim Kuran */ = {
			isa = PBXNativeTarget;
			buildConfigurationList = F56CC8762987C87C003FAC1B /* Build configuration list for PBXNativeTarget "Kerim Kuran" */;
			buildPhases = (
				F56CC85E2987C87A003FAC1B /* Sources */,
				F56CC85F2987C87A003FAC1B /* Frameworks */,
				F56CC8602987C87A003FAC1B /* Resources */,
			);
			buildRules = (
			);
			dependencies = (
			);
			name = "Kerim Kuran";
			productName = "Kerim Kuran";
			productReference = F56CC8622987C87A003FAC1B /* Kerim Kuran.app */;
			productType = "com.apple.product-type.application";
		};
/* End PBXNativeTarget section */

/* Begin PBXProject section */
		F56CC85A2987C87A003FAC1B /* Project object */ = {
			isa = PBXProject;
			attributes = {
				BuildIndependentTargetsInParallel = 1;
				LastSwiftUpdateCheck = 1420;
				LastUpgradeCheck = 1420;
				TargetAttributes = {
					F56CC8612987C87A003FAC1B = {
						CreatedOnToolsVersion = 14.2;
					};
				};
			};
			buildConfigurationList = F56CC85D2987C87A003FAC1B /* Build configuration list for PBXProject "Kerim Kuran" */;
			compatibilityVersion = "Xcode 14.0";
			developmentRegion = en;
			hasScannedForEncodings = 0;
			knownRegions = (
				en,
				Base,
			);
			mainGroup = F56CC8592987C87A003FAC1B;
			productRefGroup = F56CC8632987C87A003FAC1B /* Products */;
			projectDirPath = "";
			projectRoot = "";
			targets = (
				F56CC8612987C87A003FAC1B /* Kerim Kuran */,
			);
		};
/* End PBXProject section */

/* Begin PBXResourcesBuildPhase section */
		F56CC8602987C87A003FAC1B /* Resources */ = {
			isa = PBXResourcesBuildPhase;
			buildActionMask = 2147483647;
			files = (
				F50D63D5298930BC00A86658 /* p1.json in Resources */,
				F56CC8722987C87C003FAC1B /* LaunchScreen.storyboard in Resources */,
				F56CC86F2987C87C003FAC1B /* Assets.xcassets in Resources */,
				F56CC86D2987C87A003FAC1B /* Main.storyboard in Resources */,
			);
			runOnlyForDeploymentPostprocessing = 0;
		};
/* End PBXResourcesBuildPhase section */

/* Begin PBXSourcesBuildPhase section */
		F56CC85E2987C87A003FAC1B /* Sources */ = {
			isa = PBXSourcesBuildPhase;
			buildActionMask = 2147483647;
			files = (
				F56CC8802987CD98003FAC1B /* VerseViewController.swift in Sources */,
				F5B7415A2987DE1500676827 /* LabelTest.swift in Sources */,
				F5B7415C2987E46700676827 /* DataFile.swift in Sources */,
				F56CC86A2987C87A003FAC1B /* ViewController.swift in Sources */,
				F50D63DB2989435400A86658 /* VerseData.swift in Sources */,
				F56CC8662987C87A003FAC1B /* AppDelegate.swift in Sources */,
				F56CC8682987C87A003FAC1B /* SceneDelegate.swift in Sources */,
				F50D63D9298933F900A86658 /* SelectedVerseCell.swift in Sources */,
				F50D63DD29894C9500A86658 /* DataLoader.swift in Sources */,
				F5B741582987DD5900676827 /* Constants.swift in Sources */,
				F50D63D7298933D700A86658 /* SelectedVerseViewController.swift in Sources */,
				F5B74160298809E800676827 /* VerseCell.swift in Sources */,
			);
			runOnlyForDeploymentPostprocessing = 0;
		};
/* End PBXSourcesBuildPhase section */

/* Begin PBXVariantGroup section */
		F56CC86B2987C87A003FAC1B /* Main.storyboard */ = {
			isa = PBXVariantGroup;
			children = (
				F56CC86C2987C87A003FAC1B /* Base */,
			);
			name = Main.storyboard;
			sourceTree = "<group>";
		};
		F56CC8702987C87C003FAC1B /* LaunchScreen.storyboard */ = {
			isa = PBXVariantGroup;
			children = (
				F56CC8712987C87C003FAC1B /* Base */,
			);
			name = LaunchScreen.storyboard;
			sourceTree = "<group>";
		};
/* End PBXVariantGroup section */

/* Begin XCBuildConfiguration section */
		F56CC8742987C87C003FAC1B /* Debug */ = {
			isa = XCBuildConfiguration;
			buildSettings = {
				ALWAYS_SEARCH_USER_PATHS = NO;
				CLANG_ANALYZER_NONNULL = YES;
				CLANG_ANALYZER_NUMBER_OBJECT_CONVERSION = YES_AGGRESSIVE;
				CLANG_CXX_LANGUAGE_STANDARD = "gnu++20";
				CLANG_ENABLE_MODULES = YES;
				CLANG_ENABLE_OBJC_ARC = YES;
				CLANG_ENABLE_OBJC_WEAK = YES;
				CLANG_WARN_BLOCK_CAPTURE_AUTORELEASING = YES;
				CLANG_WARN_BOOL_CONVERSION = YES;
				CLANG_WARN_COMMA = YES;
				CLANG_WARN_CONSTANT_CONVERSION = YES;
				CLANG_WARN_DEPRECATED_OBJC_IMPLEMENTATIONS = YES;
				CLANG_WARN_DIRECT_OBJC_ISA_USAGE = YES_ERROR;
				CLANG_WARN_DOCUMENTATION_COMMENTS = YES;
				CLANG_WARN_EMPTY_BODY = YES;
				CLANG_WARN_ENUM_CONVERSION = YES;
				CLANG_WARN_INFINITE_RECURSION = YES;
				CLANG_WARN_INT_CONVERSION = YES;
				CLANG_WARN_NON_LITERAL_NULL_CONVERSION = YES;
				CLANG_WARN_OBJC_IMPLICIT_RETAIN_SELF = YES;
				CLANG_WARN_OBJC_LITERAL_CONVERSION = YES;
				CLANG_WARN_OBJC_ROOT_CLASS = YES_ERROR;
				CLANG_WARN_QUOTED_INCLUDE_IN_FRAMEWORK_HEADER = YES;
				CLANG_WARN_RANGE_LOOP_ANALYSIS = YES;
				CLANG_WARN_STRICT_PROTOTYPES = YES;
				CLANG_WARN_SUSPICIOUS_MOVE = YES;
				CLANG_WARN_UNGUARDED_AVAILABILITY = YES_AGGRESSIVE;
				CLANG_WARN_UNREACHABLE_CODE = YES;
				CLANG_WARN__DUPLICATE_METHOD_MATCH = YES;
				COPY_PHASE_STRIP = NO;
				DEBUG_INFORMATION_FORMAT = dwarf;
				ENABLE_STRICT_OBJC_MSGSEND = YES;
				ENABLE_TESTABILITY = YES;
				GCC_C_LANGUAGE_STANDARD = gnu11;
				GCC_DYNAMIC_NO_PIC = NO;
				GCC_NO_COMMON_BLOCKS = YES;
				GCC_OPTIMIZATION_LEVEL = 0;
				GCC_PREPROCESSOR_DEFINITIONS = (
					"DEBUG=1",
					"$(inherited)",
				);
				GCC_WARN_64_TO_32_BIT_CONVERSION = YES;
				GCC_WARN_ABOUT_RETURN_TYPE = YES_ERROR;
				GCC_WARN_UNDECLARED_SELECTOR = YES;
				GCC_WARN_UNINITIALIZED_AUTOS = YES_AGGRESSIVE;
				GCC_WARN_UNUSED_FUNCTION = YES;
				GCC_WARN_UNUSED_VARIABLE = YES;
				IPHONEOS_DEPLOYMENT_TARGET = 12.0;
				MTL_ENABLE_DEBUG_INFO = INCLUDE_SOURCE;
				MTL_FAST_MATH = YES;
				ONLY_ACTIVE_ARCH = YES;
				SDKROOT = iphoneos;
				SWIFT_ACTIVE_COMPILATION_CONDITIONS = DEBUG;
				SWIFT_OPTIMIZATION_LEVEL = "-Onone";
			};
			name = Debug;
		};
		F56CC8752987C87C003FAC1B /* Release */ = {
			isa = XCBuildConfiguration;
			buildSettings = {
				ALWAYS_SEARCH_USER_PATHS = NO;
				CLANG_ANALYZER_NONNULL = YES;
				CLANG_ANALYZER_NUMBER_OBJECT_CONVERSION = YES_AGGRESSIVE;
				CLANG_CXX_LANGUAGE_STANDARD = "gnu++20";
				CLANG_ENABLE_MODULES = YES;
				CLANG_ENABLE_OBJC_ARC = YES;
				CLANG_ENABLE_OBJC_WEAK = YES;
				CLANG_WARN_BLOCK_CAPTURE_AUTORELEASING = YES;
				CLANG_WARN_BOOL_CONVERSION = YES;
				CLANG_WARN_COMMA = YES;
				CLANG_WARN_CONSTANT_CONVERSION = YES;
				CLANG_WARN_DEPRECATED_OBJC_IMPLEMENTATIONS = YES;
				CLANG_WARN_DIRECT_OBJC_ISA_USAGE = YES_ERROR;
				CLANG_WARN_DOCUMENTATION_COMMENTS = YES;
				CLANG_WARN_EMPTY_BODY = YES;
				CLANG_WARN_ENUM_CONVERSION = YES;
				CLANG_WARN_INFINITE_RECURSION = YES;
				CLANG_WARN_INT_CONVERSION = YES;
				CLANG_WARN_NON_LITERAL_NULL_CONVERSION = YES;
				CLANG_WARN_OBJC_IMPLICIT_RETAIN_SELF = YES;
				CLANG_WARN_OBJC_LITERAL_CONVERSION = YES;
				CLANG_WARN_OBJC_ROOT_CLASS = YES_ERROR;
				CLANG_WARN_QUOTED_INCLUDE_IN_FRAMEWORK_HEADER = YES;
				CLANG_WARN_RANGE_LOOP_ANALYSIS = YES;
				CLANG_WARN_STRICT_PROTOTYPES = YES;
				CLANG_WARN_SUSPICIOUS_MOVE = YES;
				CLANG_WARN_UNGUARDED_AVAILABILITY = YES_AGGRESSIVE;
				CLANG_WARN_UNREACHABLE_CODE = YES;
				CLANG_WARN__DUPLICATE_METHOD_MATCH = YES;
				COPY_PHASE_STRIP = NO;
				DEBUG_INFORMATION_FORMAT = "dwarf-with-dsym";
				ENABLE_NS_ASSERTIONS = NO;
				ENABLE_STRICT_OBJC_MSGSEND = YES;
				GCC_C_LANGUAGE_STANDARD = gnu11;
				GCC_NO_COMMON_BLOCKS = YES;
				GCC_WARN_64_TO_32_BIT_CONVERSION = YES;
				GCC_WARN_ABOUT_RETURN_TYPE = YES_ERROR;
				GCC_WARN_UNDECLARED_SELECTOR = YES;
				GCC_WARN_UNINITIALIZED_AUTOS = YES_AGGRESSIVE;
				GCC_WARN_UNUSED_FUNCTION = YES;
				GCC_WARN_UNUSED_VARIABLE = YES;
				IPHONEOS_DEPLOYMENT_TARGET = 12.0;
				MTL_ENABLE_DEBUG_INFO = NO;
				MTL_FAST_MATH = YES;
				SDKROOT = iphoneos;
				SWIFT_COMPILATION_MODE = wholemodule;
				SWIFT_OPTIMIZATION_LEVEL = "-O";
				VALIDATE_PRODUCT = YES;
			};
			name = Release;
		};
		F56CC8772987C87C003FAC1B /* Debug */ = {
			isa = XCBuildConfiguration;
			buildSettings = {
				ASSETCATALOG_COMPILER_APPICON_NAME = AppIcon;
				ASSETCATALOG_COMPILER_GLOBAL_ACCENT_COLOR_NAME = AccentColor;
				CODE_SIGN_STYLE = Automatic;
				CURRENT_PROJECT_VERSION = 1;
				DEVELOPMENT_TEAM = A34GH6Z753;
				GENERATE_INFOPLIST_FILE = YES;
				INFOPLIST_FILE = "Kerim Kuran/Info.plist";
				INFOPLIST_KEY_UIApplicationSupportsIndirectInputEvents = YES;
				INFOPLIST_KEY_UILaunchStoryboardName = LaunchScreen;
				INFOPLIST_KEY_UIMainStoryboardFile = Main;
				INFOPLIST_KEY_UISupportedInterfaceOrientations_iPad = "UIInterfaceOrientationPortrait UIInterfaceOrientationPortraitUpsideDown UIInterfaceOrientationLandscapeLeft UIInterfaceOrientationLandscapeRight";
				INFOPLIST_KEY_UISupportedInterfaceOrientations_iPhone = "UIInterfaceOrientationPortrait UIInterfaceOrientationLandscapeLeft UIInterfaceOrientationLandscapeRight";
				IPHONEOS_DEPLOYMENT_TARGET = 12.0;
				LD_RUNPATH_SEARCH_PATHS = (
					"$(inherited)",
					"@executable_path/Frameworks",
				);
				MARKETING_VERSION = 1.0;
				PRODUCT_BUNDLE_IDENTIFIER = "com.kamilcaglar.Kerim-Kuran";
				PRODUCT_NAME = "$(TARGET_NAME)";
				SWIFT_EMIT_LOC_STRINGS = YES;
				SWIFT_VERSION = 5.0;
				TARGETED_DEVICE_FAMILY = "1,2";
			};
			name = Debug;
		};
		F56CC8782987C87C003FAC1B /* Release */ = {
			isa = XCBuildConfiguration;
			buildSettings = {
				ASSETCATALOG_COMPILER_APPICON_NAME = AppIcon;
				ASSETCATALOG_COMPILER_GLOBAL_ACCENT_COLOR_NAME = AccentColor;
				CODE_SIGN_STYLE = Automatic;
				CURRENT_PROJECT_VERSION = 1;
				DEVELOPMENT_TEAM = A34GH6Z753;
				GENERATE_INFOPLIST_FILE = YES;
				INFOPLIST_FILE = "Kerim Kuran/Info.plist";
				INFOPLIST_KEY_UIApplicationSupportsIndirectInputEvents = YES;
				INFOPLIST_KEY_UILaunchStoryboardName = LaunchScreen;
				INFOPLIST_KEY_UIMainStoryboardFile = Main;
				INFOPLIST_KEY_UISupportedInterfaceOrientations_iPad = "UIInterfaceOrientationPortrait UIInterfaceOrientationPortraitUpsideDown UIInterfaceOrientationLandscapeLeft UIInterfaceOrientationLandscapeRight";
				INFOPLIST_KEY_UISupportedInterfaceOrientations_iPhone = "UIInterfaceOrientationPortrait UIInterfaceOrientationLandscapeLeft UIInterfaceOrientationLandscapeRight";
				IPHONEOS_DEPLOYMENT_TARGET = 12.0;
				LD_RUNPATH_SEARCH_PATHS = (
					"$(inherited)",
					"@executable_path/Frameworks",
				);
				MARKETING_VERSION = 1.0;
				PRODUCT_BUNDLE_IDENTIFIER = "com.kamilcaglar.Kerim-Kuran";
				PRODUCT_NAME = "$(TARGET_NAME)";
				SWIFT_EMIT_LOC_STRINGS = YES;
				SWIFT_VERSION = 5.0;
				TARGETED_DEVICE_FAMILY = "1,2";
			};
			name = Release;
		};
/* End XCBuildConfiguration section */

/* Begin XCConfigurationList section */
		F56CC85D2987C87A003FAC1B /* Build configuration list for PBXProject "Kerim Kuran" */ = {
			isa = XCConfigurationList;
			buildConfigurations = (
				F56CC8742987C87C003FAC1B /* Debug */,
				F56CC8752987C87C003FAC1B /* Release */,
			);
			defaultConfigurationIsVisible = 0;
			defaultConfigurationName = Release;
		};
		F56CC8762987C87C003FAC1B /* Build configuration list for PBXNativeTarget "Kerim Kuran" */ = {
			isa = XCConfigurationList;
			buildConfigurations = (
				F56CC8772987C87C003FAC1B /* Debug */,
				F56CC8782987C87C003FAC1B /* Release */,
			);
			defaultConfigurationIsVisible = 0;
			defaultConfigurationName = Release;
		};
/* End XCConfigurationList section */
	};
	rootObject = F56CC85A2987C87A003FAC1B /* Project object */;
}
