// !$*UTF8*$!
{
	archiveVersion = 1;
	classes = {
	};
	objectVersion = 56;
	objects = {

/* Begin PBXBuildFile section */
		9A89FE2E28588CADFF36C1E2 /* Pods_Kerim_Kuran.framework in Frameworks */ = {isa = PBXBuildFile; fileRef = C38E917D9C56FA9EEEECA114 /* Pods_Kerim_Kuran.framework */; };
		F50D63D7298933D700A86658 /* SelectedVerseViewController.swift in Sources */ = {isa = PBXBuildFile; fileRef = F50D63D6298933D700A86658 /* SelectedVerseViewController.swift */; };
		F50D63D9298933F900A86658 /* SelectedVerseCell.swift in Sources */ = {isa = PBXBuildFile; fileRef = F50D63D8298933F900A86658 /* SelectedVerseCell.swift */; };
		F50D63DB2989435400A86658 /* Verse.swift in Sources */ = {isa = PBXBuildFile; fileRef = F50D63DA2989435400A86658 /* Verse.swift */; };
		F50D63DD29894C9500A86658 /* DataLoader.swift in Sources */ = {isa = PBXBuildFile; fileRef = F50D63DC29894C9400A86658 /* DataLoader.swift */; };
		F542954D298DC46D0073BD52 /* VerseViewController.swift in Sources */ = {isa = PBXBuildFile; fileRef = F542954C298DC46D0073BD52 /* VerseViewController.swift */; };
		F542954F298DC5A70073BD52 /* VerseViewCell.swift in Sources */ = {isa = PBXBuildFile; fileRef = F542954E298DC5A70073BD52 /* VerseViewCell.swift */; };
		F5429551298DDD730073BD52 /* VerseData.json in Resources */ = {isa = PBXBuildFile; fileRef = F5429550298DDD730073BD52 /* VerseData.json */; };
		F5429566298F195F0073BD52 /* Poppins-ExtraLight.ttf in Resources */ = {isa = PBXBuildFile; fileRef = F5429553298F195E0073BD52 /* Poppins-ExtraLight.ttf */; };
		F5429567298F195F0073BD52 /* Poppins-ThinItalic.ttf in Resources */ = {isa = PBXBuildFile; fileRef = F5429554298F195E0073BD52 /* Poppins-ThinItalic.ttf */; };
		F5429568298F195F0073BD52 /* Poppins-ExtraLightItalic.ttf in Resources */ = {isa = PBXBuildFile; fileRef = F5429555298F195E0073BD52 /* Poppins-ExtraLightItalic.ttf */; };
		F5429569298F195F0073BD52 /* Poppins-BoldItalic.ttf in Resources */ = {isa = PBXBuildFile; fileRef = F5429556298F195E0073BD52 /* Poppins-BoldItalic.ttf */; };
		F542956A298F195F0073BD52 /* Poppins-Light.ttf in Resources */ = {isa = PBXBuildFile; fileRef = F5429557298F195E0073BD52 /* Poppins-Light.ttf */; };
		F542956B298F195F0073BD52 /* Poppins-Medium.ttf in Resources */ = {isa = PBXBuildFile; fileRef = F5429558298F195E0073BD52 /* Poppins-Medium.ttf */; };
		F542956C298F195F0073BD52 /* Poppins-SemiBoldItalic.ttf in Resources */ = {isa = PBXBuildFile; fileRef = F5429559298F195E0073BD52 /* Poppins-SemiBoldItalic.ttf */; };
		F542956D298F195F0073BD52 /* Poppins-ExtraBoldItalic.ttf in Resources */ = {isa = PBXBuildFile; fileRef = F542955A298F195E0073BD52 /* Poppins-ExtraBoldItalic.ttf */; };
		F542956E298F195F0073BD52 /* Poppins-ExtraBold.ttf in Resources */ = {isa = PBXBuildFile; fileRef = F542955B298F195E0073BD52 /* Poppins-ExtraBold.ttf */; };
		F542956F298F195F0073BD52 /* Poppins-BlackItalic.ttf in Resources */ = {isa = PBXBuildFile; fileRef = F542955C298F195E0073BD52 /* Poppins-BlackItalic.ttf */; };
		F5429570298F195F0073BD52 /* OFL.txt in Resources */ = {isa = PBXBuildFile; fileRef = F542955D298F195E0073BD52 /* OFL.txt */; };
		F5429571298F195F0073BD52 /* Poppins-Regular.ttf in Resources */ = {isa = PBXBuildFile; fileRef = F542955E298F195E0073BD52 /* Poppins-Regular.ttf */; };
		F5429572298F195F0073BD52 /* Poppins-LightItalic.ttf in Resources */ = {isa = PBXBuildFile; fileRef = F542955F298F195E0073BD52 /* Poppins-LightItalic.ttf */; };
		F5429573298F195F0073BD52 /* Poppins-Bold.ttf in Resources */ = {isa = PBXBuildFile; fileRef = F5429560298F195E0073BD52 /* Poppins-Bold.ttf */; };
		F5429574298F195F0073BD52 /* Poppins-Black.ttf in Resources */ = {isa = PBXBuildFile; fileRef = F5429561298F195E0073BD52 /* Poppins-Black.ttf */; };
		F5429575298F195F0073BD52 /* Poppins-Thin.ttf in Resources */ = {isa = PBXBuildFile; fileRef = F5429562298F195E0073BD52 /* Poppins-Thin.ttf */; };
		F5429576298F195F0073BD52 /* Poppins-SemiBold.ttf in Resources */ = {isa = PBXBuildFile; fileRef = F5429563298F195E0073BD52 /* Poppins-SemiBold.ttf */; };
		F5429577298F195F0073BD52 /* Poppins-Italic.ttf in Resources */ = {isa = PBXBuildFile; fileRef = F5429564298F195E0073BD52 /* Poppins-Italic.ttf */; };
		F5429578298F195F0073BD52 /* Poppins-MediumItalic.ttf in Resources */ = {isa = PBXBuildFile; fileRef = F5429565298F195E0073BD52 /* Poppins-MediumItalic.ttf */; };
		F54C5EC1298DB4C9009AA036 /* VerseInfo.swift in Sources */ = {isa = PBXBuildFile; fileRef = F54C5EC0298DB4C9009AA036 /* VerseInfo.swift */; };
		F56CC8662987C87A003FAC1B /* AppDelegate.swift in Sources */ = {isa = PBXBuildFile; fileRef = F56CC8652987C87A003FAC1B /* AppDelegate.swift */; };
		F56CC8682987C87A003FAC1B /* SceneDelegate.swift in Sources */ = {isa = PBXBuildFile; fileRef = F56CC8672987C87A003FAC1B /* SceneDelegate.swift */; };
		F56CC86A2987C87A003FAC1B /* MainViewController.swift in Sources */ = {isa = PBXBuildFile; fileRef = F56CC8692987C87A003FAC1B /* MainViewController.swift */; };
		F56CC86D2987C87A003FAC1B /* Main.storyboard in Resources */ = {isa = PBXBuildFile; fileRef = F56CC86B2987C87A003FAC1B /* Main.storyboard */; };
		F56CC86F2987C87C003FAC1B /* Assets.xcassets in Resources */ = {isa = PBXBuildFile; fileRef = F56CC86E2987C87C003FAC1B /* Assets.xcassets */; };
		F56CC8722987C87C003FAC1B /* LaunchScreen.storyboard in Resources */ = {isa = PBXBuildFile; fileRef = F56CC8702987C87C003FAC1B /* LaunchScreen.storyboard */; };
		F56CC8802987CD98003FAC1B /* VerseInfoViewController.swift in Sources */ = {isa = PBXBuildFile; fileRef = F56CC87E2987CD98003FAC1B /* VerseInfoViewController.swift */; };
		F5B741582987DD5900676827 /* Constants.swift in Sources */ = {isa = PBXBuildFile; fileRef = F5B741572987DD5900676827 /* Constants.swift */; };
		F5B74160298809E800676827 /* VerseInfoCell.swift in Sources */ = {isa = PBXBuildFile; fileRef = F5B7415F298809E800676827 /* VerseInfoCell.swift */; };
		F5C85FB929A6CE3A0002F28C /* ContactViewController.swift in Sources */ = {isa = PBXBuildFile; fileRef = F5C85FB829A6CE3A0002F28C /* ContactViewController.swift */; };
		F5D287512994DEEC00F053F7 /* VerseInfoData.json in Resources */ = {isa = PBXBuildFile; fileRef = F5D287502994DEEC00F053F7 /* VerseInfoData.json */; };
/* End PBXBuildFile section */

/* Begin PBXFileReference section */
		22505A198149001A8723471A /* Pods-Kerim Kuran.release.xcconfig */ = {isa = PBXFileReference; includeInIndex = 1; lastKnownFileType = text.xcconfig; name = "Pods-Kerim Kuran.release.xcconfig"; path = "Target Support Files/Pods-Kerim Kuran/Pods-Kerim Kuran.release.xcconfig"; sourceTree = "<group>"; };
		A8C27D75FEDCB5DE6E424F5A /* Pods-Kerim Kuran.debug.xcconfig */ = {isa = PBXFileReference; includeInIndex = 1; lastKnownFileType = text.xcconfig; name = "Pods-Kerim Kuran.debug.xcconfig"; path = "Target Support Files/Pods-Kerim Kuran/Pods-Kerim Kuran.debug.xcconfig"; sourceTree = "<group>"; };
		C38E917D9C56FA9EEEECA114 /* Pods_Kerim_Kuran.framework */ = {isa = PBXFileReference; explicitFileType = wrapper.framework; includeInIndex = 0; path = Pods_Kerim_Kuran.framework; sourceTree = BUILT_PRODUCTS_DIR; };
		F50D63D6298933D700A86658 /* SelectedVerseViewController.swift */ = {isa = PBXFileReference; lastKnownFileType = sourcecode.swift; path = SelectedVerseViewController.swift; sourceTree = "<group>"; };
		F50D63D8298933F900A86658 /* SelectedVerseCell.swift */ = {isa = PBXFileReference; lastKnownFileType = sourcecode.swift; path = SelectedVerseCell.swift; sourceTree = "<group>"; };
		F50D63DA2989435400A86658 /* Verse.swift */ = {isa = PBXFileReference; lastKnownFileType = sourcecode.swift; path = Verse.swift; sourceTree = "<group>"; };
		F50D63DC29894C9400A86658 /* DataLoader.swift */ = {isa = PBXFileReference; lastKnownFileType = sourcecode.swift; path = DataLoader.swift; sourceTree = "<group>"; };
		F542954C298DC46D0073BD52 /* VerseViewController.swift */ = {isa = PBXFileReference; lastKnownFileType = sourcecode.swift; path = VerseViewController.swift; sourceTree = "<group>"; };
		F542954E298DC5A70073BD52 /* VerseViewCell.swift */ = {isa = PBXFileReference; lastKnownFileType = sourcecode.swift; path = VerseViewCell.swift; sourceTree = "<group>"; };
		F5429550298DDD730073BD52 /* VerseData.json */ = {isa = PBXFileReference; fileEncoding = 4; lastKnownFileType = text.json; path = VerseData.json; sourceTree = "<group>"; };
		F5429553298F195E0073BD52 /* Poppins-ExtraLight.ttf */ = {isa = PBXFileReference; lastKnownFileType = file; path = "Poppins-ExtraLight.ttf"; sourceTree = "<group>"; };
		F5429554298F195E0073BD52 /* Poppins-ThinItalic.ttf */ = {isa = PBXFileReference; lastKnownFileType = file; path = "Poppins-ThinItalic.ttf"; sourceTree = "<group>"; };
		F5429555298F195E0073BD52 /* Poppins-ExtraLightItalic.ttf */ = {isa = PBXFileReference; lastKnownFileType = file; path = "Poppins-ExtraLightItalic.ttf"; sourceTree = "<group>"; };
		F5429556298F195E0073BD52 /* Poppins-BoldItalic.ttf */ = {isa = PBXFileReference; lastKnownFileType = file; path = "Poppins-BoldItalic.ttf"; sourceTree = "<group>"; };
		F5429557298F195E0073BD52 /* Poppins-Light.ttf */ = {isa = PBXFileReference; lastKnownFileType = file; path = "Poppins-Light.ttf"; sourceTree = "<group>"; };
		F5429558298F195E0073BD52 /* Poppins-Medium.ttf */ = {isa = PBXFileReference; lastKnownFileType = file; path = "Poppins-Medium.ttf"; sourceTree = "<group>"; };
		F5429559298F195E0073BD52 /* Poppins-SemiBoldItalic.ttf */ = {isa = PBXFileReference; lastKnownFileType = file; path = "Poppins-SemiBoldItalic.ttf"; sourceTree = "<group>"; };
		F542955A298F195E0073BD52 /* Poppins-ExtraBoldItalic.ttf */ = {isa = PBXFileReference; lastKnownFileType = file; path = "Poppins-ExtraBoldItalic.ttf"; sourceTree = "<group>"; };
		F542955B298F195E0073BD52 /* Poppins-ExtraBold.ttf */ = {isa = PBXFileReference; lastKnownFileType = file; path = "Poppins-ExtraBold.ttf"; sourceTree = "<group>"; };
		F542955C298F195E0073BD52 /* Poppins-BlackItalic.ttf */ = {isa = PBXFileReference; lastKnownFileType = file; path = "Poppins-BlackItalic.ttf"; sourceTree = "<group>"; };
		F542955D298F195E0073BD52 /* OFL.txt */ = {isa = PBXFileReference; fileEncoding = 4; lastKnownFileType = text; path = OFL.txt; sourceTree = "<group>"; };
		F542955E298F195E0073BD52 /* Poppins-Regular.ttf */ = {isa = PBXFileReference; lastKnownFileType = file; path = "Poppins-Regular.ttf"; sourceTree = "<group>"; };
		F542955F298F195E0073BD52 /* Poppins-LightItalic.ttf */ = {isa = PBXFileReference; lastKnownFileType = file; path = "Poppins-LightItalic.ttf"; sourceTree = "<group>"; };
		F5429560298F195E0073BD52 /* Poppins-Bold.ttf */ = {isa = PBXFileReference; lastKnownFileType = file; path = "Poppins-Bold.ttf"; sourceTree = "<group>"; };
		F5429561298F195E0073BD52 /* Poppins-Black.ttf */ = {isa = PBXFileReference; lastKnownFileType = file; path = "Poppins-Black.ttf"; sourceTree = "<group>"; };
		F5429562298F195E0073BD52 /* Poppins-Thin.ttf */ = {isa = PBXFileReference; lastKnownFileType = file; path = "Poppins-Thin.ttf"; sourceTree = "<group>"; };
		F5429563298F195E0073BD52 /* Poppins-SemiBold.ttf */ = {isa = PBXFileReference; lastKnownFileType = file; path = "Poppins-SemiBold.ttf"; sourceTree = "<group>"; };
		F5429564298F195E0073BD52 /* Poppins-Italic.ttf */ = {isa = PBXFileReference; lastKnownFileType = file; path = "Poppins-Italic.ttf"; sourceTree = "<group>"; };
		F5429565298F195E0073BD52 /* Poppins-MediumItalic.ttf */ = {isa = PBXFileReference; lastKnownFileType = file; path = "Poppins-MediumItalic.ttf"; sourceTree = "<group>"; };
		F54C5EC0298DB4C9009AA036 /* VerseInfo.swift */ = {isa = PBXFileReference; lastKnownFileType = sourcecode.swift; path = VerseInfo.swift; sourceTree = "<group>"; };
		F56CC8622987C87A003FAC1B /* Kerim Kuran.app */ = {isa = PBXFileReference; explicitFileType = wrapper.application; includeInIndex = 0; path = "Kerim Kuran.app"; sourceTree = BUILT_PRODUCTS_DIR; };
		F56CC8652987C87A003FAC1B /* AppDelegate.swift */ = {isa = PBXFileReference; lastKnownFileType = sourcecode.swift; path = AppDelegate.swift; sourceTree = "<group>"; };
		F56CC8672987C87A003FAC1B /* SceneDelegate.swift */ = {isa = PBXFileReference; lastKnownFileType = sourcecode.swift; path = SceneDelegate.swift; sourceTree = "<group>"; };
		F56CC8692987C87A003FAC1B /* MainViewController.swift */ = {isa = PBXFileReference; lastKnownFileType = sourcecode.swift; path = MainViewController.swift; sourceTree = "<group>"; };
		F56CC86C2987C87A003FAC1B /* Base */ = {isa = PBXFileReference; lastKnownFileType = file.storyboard; name = Base; path = Base.lproj/Main.storyboard; sourceTree = "<group>"; };
		F56CC86E2987C87C003FAC1B /* Assets.xcassets */ = {isa = PBXFileReference; lastKnownFileType = folder.assetcatalog; path = Assets.xcassets; sourceTree = "<group>"; };
		F56CC8712987C87C003FAC1B /* Base */ = {isa = PBXFileReference; lastKnownFileType = file.storyboard; name = Base; path = Base.lproj/LaunchScreen.storyboard; sourceTree = "<group>"; };
		F56CC8732987C87C003FAC1B /* Info.plist */ = {isa = PBXFileReference; lastKnownFileType = text.plist.xml; path = Info.plist; sourceTree = "<group>"; };
		F56CC87E2987CD98003FAC1B /* VerseInfoViewController.swift */ = {isa = PBXFileReference; lastKnownFileType = sourcecode.swift; path = VerseInfoViewController.swift; sourceTree = "<group>"; };
		F5B741572987DD5900676827 /* Constants.swift */ = {isa = PBXFileReference; lastKnownFileType = sourcecode.swift; path = Constants.swift; sourceTree = "<group>"; };
		F5B7415F298809E800676827 /* VerseInfoCell.swift */ = {isa = PBXFileReference; lastKnownFileType = sourcecode.swift; path = VerseInfoCell.swift; sourceTree = "<group>"; };
		F5C85FB829A6CE3A0002F28C /* ContactViewController.swift */ = {isa = PBXFileReference; lastKnownFileType = sourcecode.swift; path = ContactViewController.swift; sourceTree = "<group>"; };
		F5D287502994DEEC00F053F7 /* VerseInfoData.json */ = {isa = PBXFileReference; fileEncoding = 4; lastKnownFileType = text.json; path = VerseInfoData.json; sourceTree = "<group>"; };
/* End PBXFileReference section */

/* Begin PBXFrameworksBuildPhase section */
		F56CC85F2987C87A003FAC1B /* Frameworks */ = {
			isa = PBXFrameworksBuildPhase;
			buildActionMask = 2147483647;
			files = (
				9A89FE2E28588CADFF36C1E2 /* Pods_Kerim_Kuran.framework in Frameworks */,
			);
			runOnlyForDeploymentPostprocessing = 0;
		};
/* End PBXFrameworksBuildPhase section */

/* Begin PBXGroup section */
		11886CFC233975120876178E /* Frameworks */ = {
			isa = PBXGroup;
			children = (
				C38E917D9C56FA9EEEECA114 /* Pods_Kerim_Kuran.framework */,
			);
			name = Frameworks;
			sourceTree = "<group>";
		};
		4B449F646FC30B7FDA2D8CF0 /* Pods */ = {
			isa = PBXGroup;
			children = (
				A8C27D75FEDCB5DE6E424F5A /* Pods-Kerim Kuran.debug.xcconfig */,
				22505A198149001A8723471A /* Pods-Kerim Kuran.release.xcconfig */,
			);
			path = Pods;
			sourceTree = "<group>";
		};
		F50D63D3298843D700A86658 /* Model */ = {
			isa = PBXGroup;
			children = (
				F54C5EC0298DB4C9009AA036 /* VerseInfo.swift */,
				F50D63DA2989435400A86658 /* Verse.swift */,
				F50D63DC29894C9400A86658 /* DataLoader.swift */,
			);
			path = Model;
			sourceTree = "<group>";
		};
		F5429552298F195E0073BD52 /* Poppins */ = {
			isa = PBXGroup;
			children = (
				F5429553298F195E0073BD52 /* Poppins-ExtraLight.ttf */,
				F5429554298F195E0073BD52 /* Poppins-ThinItalic.ttf */,
				F5429555298F195E0073BD52 /* Poppins-ExtraLightItalic.ttf */,
				F5429556298F195E0073BD52 /* Poppins-BoldItalic.ttf */,
				F5429557298F195E0073BD52 /* Poppins-Light.ttf */,
				F5429558298F195E0073BD52 /* Poppins-Medium.ttf */,
				F5429559298F195E0073BD52 /* Poppins-SemiBoldItalic.ttf */,
				F542955A298F195E0073BD52 /* Poppins-ExtraBoldItalic.ttf */,
				F542955B298F195E0073BD52 /* Poppins-ExtraBold.ttf */,
				F542955C298F195E0073BD52 /* Poppins-BlackItalic.ttf */,
				F542955D298F195E0073BD52 /* OFL.txt */,
				F542955E298F195E0073BD52 /* Poppins-Regular.ttf */,
				F542955F298F195E0073BD52 /* Poppins-LightItalic.ttf */,
				F5429560298F195E0073BD52 /* Poppins-Bold.ttf */,
				F5429561298F195E0073BD52 /* Poppins-Black.ttf */,
				F5429562298F195E0073BD52 /* Poppins-Thin.ttf */,
				F5429563298F195E0073BD52 /* Poppins-SemiBold.ttf */,
				F5429564298F195E0073BD52 /* Poppins-Italic.ttf */,
				F5429565298F195E0073BD52 /* Poppins-MediumItalic.ttf */,
			);
			path = Poppins;
			sourceTree = "<group>";
		};
		F5536137298B5617000F36CF /* Resources */ = {
			isa = PBXGroup;
			children = (
				F5429552298F195E0073BD52 /* Poppins */,
				F5429550298DDD730073BD52 /* VerseData.json */,
				F5D287502994DEEC00F053F7 /* VerseInfoData.json */,
				F5B741572987DD5900676827 /* Constants.swift */,
			);
			path = Resources;
			sourceTree = "<group>";
		};
		F5536138298B568F000F36CF /* TableViewCells */ = {
			isa = PBXGroup;
			children = (
				F50D63D8298933F900A86658 /* SelectedVerseCell.swift */,
				F542954E298DC5A70073BD52 /* VerseViewCell.swift */,
				F5B7415F298809E800676827 /* VerseInfoCell.swift */,
			);
			path = TableViewCells;
			sourceTree = "<group>";
		};
		F56CC8592987C87A003FAC1B = {
			isa = PBXGroup;
			children = (
				F56CC8642987C87A003FAC1B /* Kerim Kuran */,
				F56CC8632987C87A003FAC1B /* Products */,
				4B449F646FC30B7FDA2D8CF0 /* Pods */,
				11886CFC233975120876178E /* Frameworks */,
			);
			sourceTree = "<group>";
		};
		F56CC8632987C87A003FAC1B /* Products */ = {
			isa = PBXGroup;
			children = (
				F56CC8622987C87A003FAC1B /* Kerim Kuran.app */,
			);
			name = Products;
			sourceTree = "<group>";
		};
		F56CC8642987C87A003FAC1B /* Kerim Kuran */ = {
			isa = PBXGroup;
			children = (
				F56CC8652987C87A003FAC1B /* AppDelegate.swift */,
				F56CC8672987C87A003FAC1B /* SceneDelegate.swift */,
				F5536138298B568F000F36CF /* TableViewCells */,
				F50D63D3298843D700A86658 /* Model */,
				F56CC87D2987CC59003FAC1B /* Views */,
				F56CC87C2987CC45003FAC1B /* ViewControllers */,
				F5536137298B5617000F36CF /* Resources */,
				F56CC86E2987C87C003FAC1B /* Assets.xcassets */,
				F56CC8732987C87C003FAC1B /* Info.plist */,
			);
			path = "Kerim Kuran";
			sourceTree = "<group>";
		};
		F56CC87C2987CC45003FAC1B /* ViewControllers */ = {
			isa = PBXGroup;
			children = (
				F56CC8692987C87A003FAC1B /* MainViewController.swift */,
				F542954C298DC46D0073BD52 /* VerseViewController.swift */,
				F56CC87E2987CD98003FAC1B /* VerseInfoViewController.swift */,
				F50D63D6298933D700A86658 /* SelectedVerseViewController.swift */,
				F5C85FB829A6CE3A0002F28C /* ContactViewController.swift */,
			);
			path = ViewControllers;
			sourceTree = "<group>";
		};
		F56CC87D2987CC59003FAC1B /* Views */ = {
			isa = PBXGroup;
			children = (
				F56CC86B2987C87A003FAC1B /* Main.storyboard */,
				F56CC8702987C87C003FAC1B /* LaunchScreen.storyboard */,
			);
			path = Views;
			sourceTree = "<group>";
		};
/* End PBXGroup section */

/* Begin PBXNativeTarget section */
		F56CC8612987C87A003FAC1B /* Kerim Kuran */ = {
			isa = PBXNativeTarget;
			buildConfigurationList = F56CC8762987C87C003FAC1B /* Build configuration list for PBXNativeTarget "Kerim Kuran" */;
			buildPhases = (
				6BF214FCFD86E67ECE67282F /* [CP] Check Pods Manifest.lock */,
				F56CC85E2987C87A003FAC1B /* Sources */,
				F56CC85F2987C87A003FAC1B /* Frameworks */,
				F56CC8602987C87A003FAC1B /* Resources */,
				0B03B4DFFB4ED14B2A2525B7 /* [CP] Embed Pods Frameworks */,
			);
			buildRules = (
			);
			dependencies = (
			);
			name = "Kerim Kuran";
			productName = "Kerim Kuran";
			productReference = F56CC8622987C87A003FAC1B /* Kerim Kuran.app */;
			productType = "com.apple.product-type.application";
		};
/* End PBXNativeTarget section */

/* Begin PBXProject section */
		F56CC85A2987C87A003FAC1B /* Project object */ = {
			isa = PBXProject;
			attributes = {
				BuildIndependentTargetsInParallel = 1;
				LastSwiftUpdateCheck = 1420;
				LastUpgradeCheck = 1420;
				TargetAttributes = {
					F56CC8612987C87A003FAC1B = {
						CreatedOnToolsVersion = 14.2;
					};
				};
			};
			buildConfigurationList = F56CC85D2987C87A003FAC1B /* Build configuration list for PBXProject "Kerim Kuran" */;
			compatibilityVersion = "Xcode 14.0";
			developmentRegion = en;
			hasScannedForEncodings = 0;
			knownRegions = (
				en,
				Base,
			);
			mainGroup = F56CC8592987C87A003FAC1B;
			productRefGroup = F56CC8632987C87A003FAC1B /* Products */;
			projectDirPath = "";
			projectRoot = "";
			targets = (
				F56CC8612987C87A003FAC1B /* Kerim Kuran */,
			);
		};
/* End PBXProject section */

/* Begin PBXResourcesBuildPhase section */
		F56CC8602987C87A003FAC1B /* Resources */ = {
			isa = PBXResourcesBuildPhase;
			buildActionMask = 2147483647;
			files = (
				F5429569298F195F0073BD52 /* Poppins-BoldItalic.ttf in Resources */,
				F5429578298F195F0073BD52 /* Poppins-MediumItalic.ttf in Resources */,
				F542956A298F195F0073BD52 /* Poppins-Light.ttf in Resources */,
				F542956B298F195F0073BD52 /* Poppins-Medium.ttf in Resources */,
				F5429568298F195F0073BD52 /* Poppins-ExtraLightItalic.ttf in Resources */,
				F5D287512994DEEC00F053F7 /* VerseInfoData.json in Resources */,
				F5429574298F195F0073BD52 /* Poppins-Black.ttf in Resources */,
				F5429577298F195F0073BD52 /* Poppins-Italic.ttf in Resources */,
				F5429566298F195F0073BD52 /* Poppins-ExtraLight.ttf in Resources */,
				F5429571298F195F0073BD52 /* Poppins-Regular.ttf in Resources */,
				F5429573298F195F0073BD52 /* Poppins-Bold.ttf in Resources */,
				F542956D298F195F0073BD52 /* Poppins-ExtraBoldItalic.ttf in Resources */,
				F5429572298F195F0073BD52 /* Poppins-LightItalic.ttf in Resources */,
				F5429570298F195F0073BD52 /* OFL.txt in Resources */,
				F542956C298F195F0073BD52 /* Poppins-SemiBoldItalic.ttf in Resources */,
				F542956F298F195F0073BD52 /* Poppins-BlackItalic.ttf in Resources */,
				F5429576298F195F0073BD52 /* Poppins-SemiBold.ttf in Resources */,
				F56CC8722987C87C003FAC1B /* LaunchScreen.storyboard in Resources */,
				F56CC86F2987C87C003FAC1B /* Assets.xcassets in Resources */,
				F5429575298F195F0073BD52 /* Poppins-Thin.ttf in Resources */,
				F56CC86D2987C87A003FAC1B /* Main.storyboard in Resources */,
				F542956E298F195F0073BD52 /* Poppins-ExtraBold.ttf in Resources */,
				F5429567298F195F0073BD52 /* Poppins-ThinItalic.ttf in Resources */,
				F5429551298DDD730073BD52 /* VerseData.json in Resources */,
			);
			runOnlyForDeploymentPostprocessing = 0;
		};
/* End PBXResourcesBuildPhase section */

/* Begin PBXShellScriptBuildPhase section */
		0B03B4DFFB4ED14B2A2525B7 /* [CP] Embed Pods Frameworks */ = {
			isa = PBXShellScriptBuildPhase;
			buildActionMask = 2147483647;
			files = (
			);
			inputFileListPaths = (
				"${PODS_ROOT}/Target Support Files/Pods-Kerim Kuran/Pods-Kerim Kuran-frameworks-${CONFIGURATION}-input-files.xcfilelist",
			);
			name = "[CP] Embed Pods Frameworks";
			outputFileListPaths = (
				"${PODS_ROOT}/Target Support Files/Pods-Kerim Kuran/Pods-Kerim Kuran-frameworks-${CONFIGURATION}-output-files.xcfilelist",
			);
			runOnlyForDeploymentPostprocessing = 0;
			shellPath = /bin/sh;
			shellScript = "\"${PODS_ROOT}/Target Support Files/Pods-Kerim Kuran/Pods-Kerim Kuran-frameworks.sh\"\n";
			showEnvVarsInLog = 0;
		};
		6BF214FCFD86E67ECE67282F /* [CP] Check Pods Manifest.lock */ = {
			isa = PBXShellScriptBuildPhase;
			buildActionMask = 2147483647;
			files = (
			);
			inputFileListPaths = (
			);
			inputPaths = (
				"${PODS_PODFILE_DIR_PATH}/Podfile.lock",
				"${PODS_ROOT}/Manifest.lock",
			);
			name = "[CP] Check Pods Manifest.lock";
			outputFileListPaths = (
			);
			outputPaths = (
				"$(DERIVED_FILE_DIR)/Pods-Kerim Kuran-checkManifestLockResult.txt",
			);
			runOnlyForDeploymentPostprocessing = 0;
			shellPath = /bin/sh;
			shellScript = "diff \"${PODS_PODFILE_DIR_PATH}/Podfile.lock\" \"${PODS_ROOT}/Manifest.lock\" > /dev/null\nif [ $? != 0 ] ; then\n    # print error to STDERR\n    echo \"error: The sandbox is not in sync with the Podfile.lock. Run 'pod install' or update your CocoaPods installation.\" >&2\n    exit 1\nfi\n# This output is used by Xcode 'outputs' to avoid re-running this script phase.\necho \"SUCCESS\" > \"${SCRIPT_OUTPUT_FILE_0}\"\n";
			showEnvVarsInLog = 0;
		};
/* End PBXShellScriptBuildPhase section */

/* Begin PBXSourcesBuildPhase section */
		F56CC85E2987C87A003FAC1B /* Sources */ = {
			isa = PBXSourcesBuildPhase;
			buildActionMask = 2147483647;
			files = (
				F56CC8802987CD98003FAC1B /* VerseInfoViewController.swift in Sources */,
				F5C85FB929A6CE3A0002F28C /* ContactViewController.swift in Sources */,
				F56CC86A2987C87A003FAC1B /* MainViewController.swift in Sources */,
				F50D63DB2989435400A86658 /* Verse.swift in Sources */,
				F56CC8662987C87A003FAC1B /* AppDelegate.swift in Sources */,
				F56CC8682987C87A003FAC1B /* SceneDelegate.swift in Sources */,
				F50D63D9298933F900A86658 /* SelectedVerseCell.swift in Sources */,
				F50D63DD29894C9500A86658 /* DataLoader.swift in Sources */,
				F5B741582987DD5900676827 /* Constants.swift in Sources */,
				F50D63D7298933D700A86658 /* SelectedVerseViewController.swift in Sources */,
				F542954D298DC46D0073BD52 /* VerseViewController.swift in Sources */,
				F54C5EC1298DB4C9009AA036 /* VerseInfo.swift in Sources */,
				F5B74160298809E800676827 /* VerseInfoCell.swift in Sources */,
				F542954F298DC5A70073BD52 /* VerseViewCell.swift in Sources */,
			);
			runOnlyForDeploymentPostprocessing = 0;
		};
/* End PBXSourcesBuildPhase section */

/* Begin PBXVariantGroup section */
		F56CC86B2987C87A003FAC1B /* Main.storyboard */ = {
			isa = PBXVariantGroup;
			children = (
				F56CC86C2987C87A003FAC1B /* Base */,
			);
			name = Main.storyboard;
			sourceTree = "<group>";
		};
		F56CC8702987C87C003FAC1B /* LaunchScreen.storyboard */ = {
			isa = PBXVariantGroup;
			children = (
				F56CC8712987C87C003FAC1B /* Base */,
			);
			name = LaunchScreen.storyboard;
			sourceTree = "<group>";
		};
/* End PBXVariantGroup section */

/* Begin XCBuildConfiguration section */
		F56CC8742987C87C003FAC1B /* Debug */ = {
			isa = XCBuildConfiguration;
			buildSettings = {
				ALWAYS_SEARCH_USER_PATHS = NO;
				CLANG_ANALYZER_NONNULL = YES;
				CLANG_ANALYZER_NUMBER_OBJECT_CONVERSION = YES_AGGRESSIVE;
				CLANG_CXX_LANGUAGE_STANDARD = "gnu++20";
				CLANG_ENABLE_MODULES = YES;
				CLANG_ENABLE_OBJC_ARC = YES;
				CLANG_ENABLE_OBJC_WEAK = YES;
				CLANG_WARN_BLOCK_CAPTURE_AUTORELEASING = YES;
				CLANG_WARN_BOOL_CONVERSION = YES;
				CLANG_WARN_COMMA = YES;
				CLANG_WARN_CONSTANT_CONVERSION = YES;
				CLANG_WARN_DEPRECATED_OBJC_IMPLEMENTATIONS = YES;
				CLANG_WARN_DIRECT_OBJC_ISA_USAGE = YES_ERROR;
				CLANG_WARN_DOCUMENTATION_COMMENTS = YES;
				CLANG_WARN_EMPTY_BODY = YES;
				CLANG_WARN_ENUM_CONVERSION = YES;
				CLANG_WARN_INFINITE_RECURSION = YES;
				CLANG_WARN_INT_CONVERSION = YES;
				CLANG_WARN_NON_LITERAL_NULL_CONVERSION = YES;
				CLANG_WARN_OBJC_IMPLICIT_RETAIN_SELF = YES;
				CLANG_WARN_OBJC_LITERAL_CONVERSION = YES;
				CLANG_WARN_OBJC_ROOT_CLASS = YES_ERROR;
				CLANG_WARN_QUOTED_INCLUDE_IN_FRAMEWORK_HEADER = YES;
				CLANG_WARN_RANGE_LOOP_ANALYSIS = YES;
				CLANG_WARN_STRICT_PROTOTYPES = YES;
				CLANG_WARN_SUSPICIOUS_MOVE = YES;
				CLANG_WARN_UNGUARDED_AVAILABILITY = YES_AGGRESSIVE;
				CLANG_WARN_UNREACHABLE_CODE = YES;
				CLANG_WARN__DUPLICATE_METHOD_MATCH = YES;
				COPY_PHASE_STRIP = NO;
				DEBUG_INFORMATION_FORMAT = dwarf;
				ENABLE_STRICT_OBJC_MSGSEND = YES;
				ENABLE_TESTABILITY = YES;
				GCC_C_LANGUAGE_STANDARD = gnu11;
				GCC_DYNAMIC_NO_PIC = NO;
				GCC_NO_COMMON_BLOCKS = YES;
				GCC_OPTIMIZATION_LEVEL = 0;
				GCC_PREPROCESSOR_DEFINITIONS = (
					"DEBUG=1",
					"$(inherited)",
				);
				GCC_WARN_64_TO_32_BIT_CONVERSION = YES;
				GCC_WARN_ABOUT_RETURN_TYPE = YES_ERROR;
				GCC_WARN_UNDECLARED_SELECTOR = YES;
				GCC_WARN_UNINITIALIZED_AUTOS = YES_AGGRESSIVE;
				GCC_WARN_UNUSED_FUNCTION = YES;
				GCC_WARN_UNUSED_VARIABLE = YES;
				IPHONEOS_DEPLOYMENT_TARGET = 12.0;
				MTL_ENABLE_DEBUG_INFO = INCLUDE_SOURCE;
				MTL_FAST_MATH = YES;
				ONLY_ACTIVE_ARCH = YES;
				SDKROOT = iphoneos;
				SWIFT_ACTIVE_COMPILATION_CONDITIONS = DEBUG;
				SWIFT_OPTIMIZATION_LEVEL = "-Onone";
			};
			name = Debug;
		};
		F56CC8752987C87C003FAC1B /* Release */ = {
			isa = XCBuildConfiguration;
			buildSettings = {
				ALWAYS_SEARCH_USER_PATHS = NO;
				CLANG_ANALYZER_NONNULL = YES;
				CLANG_ANALYZER_NUMBER_OBJECT_CONVERSION = YES_AGGRESSIVE;
				CLANG_CXX_LANGUAGE_STANDARD = "gnu++20";
				CLANG_ENABLE_MODULES = YES;
				CLANG_ENABLE_OBJC_ARC = YES;
				CLANG_ENABLE_OBJC_WEAK = YES;
				CLANG_WARN_BLOCK_CAPTURE_AUTORELEASING = YES;
				CLANG_WARN_BOOL_CONVERSION = YES;
				CLANG_WARN_COMMA = YES;
				CLANG_WARN_CONSTANT_CONVERSION = YES;
				CLANG_WARN_DEPRECATED_OBJC_IMPLEMENTATIONS = YES;
				CLANG_WARN_DIRECT_OBJC_ISA_USAGE = YES_ERROR;
				CLANG_WARN_DOCUMENTATION_COMMENTS = YES;
				CLANG_WARN_EMPTY_BODY = YES;
				CLANG_WARN_ENUM_CONVERSION = YES;
				CLANG_WARN_INFINITE_RECURSION = YES;
				CLANG_WARN_INT_CONVERSION = YES;
				CLANG_WARN_NON_LITERAL_NULL_CONVERSION = YES;
				CLANG_WARN_OBJC_IMPLICIT_RETAIN_SELF = YES;
				CLANG_WARN_OBJC_LITERAL_CONVERSION = YES;
				CLANG_WARN_OBJC_ROOT_CLASS = YES_ERROR;
				CLANG_WARN_QUOTED_INCLUDE_IN_FRAMEWORK_HEADER = YES;
				CLANG_WARN_RANGE_LOOP_ANALYSIS = YES;
				CLANG_WARN_STRICT_PROTOTYPES = YES;
				CLANG_WARN_SUSPICIOUS_MOVE = YES;
				CLANG_WARN_UNGUARDED_AVAILABILITY = YES_AGGRESSIVE;
				CLANG_WARN_UNREACHABLE_CODE = YES;
				CLANG_WARN__DUPLICATE_METHOD_MATCH = YES;
				COPY_PHASE_STRIP = NO;
				DEBUG_INFORMATION_FORMAT = "dwarf-with-dsym";
				ENABLE_NS_ASSERTIONS = NO;
				ENABLE_STRICT_OBJC_MSGSEND = YES;
				GCC_C_LANGUAGE_STANDARD = gnu11;
				GCC_NO_COMMON_BLOCKS = YES;
				GCC_WARN_64_TO_32_BIT_CONVERSION = YES;
				GCC_WARN_ABOUT_RETURN_TYPE = YES_ERROR;
				GCC_WARN_UNDECLARED_SELECTOR = YES;
				GCC_WARN_UNINITIALIZED_AUTOS = YES_AGGRESSIVE;
				GCC_WARN_UNUSED_FUNCTION = YES;
				GCC_WARN_UNUSED_VARIABLE = YES;
				IPHONEOS_DEPLOYMENT_TARGET = 12.0;
				MTL_ENABLE_DEBUG_INFO = NO;
				MTL_FAST_MATH = YES;
				SDKROOT = iphoneos;
				SWIFT_COMPILATION_MODE = wholemodule;
				SWIFT_OPTIMIZATION_LEVEL = "-O";
				VALIDATE_PRODUCT = YES;
			};
			name = Release;
		};
		F56CC8772987C87C003FAC1B /* Debug */ = {
			isa = XCBuildConfiguration;
			baseConfigurationReference = A8C27D75FEDCB5DE6E424F5A /* Pods-Kerim Kuran.debug.xcconfig */;
			buildSettings = {
				ASSETCATALOG_COMPILER_APPICON_NAME = AppIcon;
				ASSETCATALOG_COMPILER_GLOBAL_ACCENT_COLOR_NAME = AccentColor;
				CODE_SIGN_STYLE = Automatic;
				CURRENT_PROJECT_VERSION = 1;
				DEVELOPMENT_TEAM = A34GH6Z753;
				GENERATE_INFOPLIST_FILE = YES;
				INFOPLIST_FILE = "Kerim Kuran/Info.plist";
				INFOPLIST_KEY_UIApplicationSupportsIndirectInputEvents = YES;
				INFOPLIST_KEY_UILaunchStoryboardName = LaunchScreen;
				INFOPLIST_KEY_UIMainStoryboardFile = Main;
				INFOPLIST_KEY_UISupportedInterfaceOrientations_iPad = "UIInterfaceOrientationPortrait UIInterfaceOrientationPortraitUpsideDown UIInterfaceOrientationLandscapeLeft UIInterfaceOrientationLandscapeRight";
				INFOPLIST_KEY_UISupportedInterfaceOrientations_iPhone = "UIInterfaceOrientationPortrait UIInterfaceOrientationLandscapeLeft UIInterfaceOrientationLandscapeRight";
				IPHONEOS_DEPLOYMENT_TARGET = 12.0;
				LD_RUNPATH_SEARCH_PATHS = (
					"$(inherited)",
					"@executable_path/Frameworks",
				);
				MARKETING_VERSION = 1.0;
				PRODUCT_BUNDLE_IDENTIFIER = "com.kamilcaglar.Kerim-Kuran";
				PRODUCT_NAME = "$(TARGET_NAME)";
				SWIFT_EMIT_LOC_STRINGS = YES;
				SWIFT_VERSION = 5.0;
				TARGETED_DEVICE_FAMILY = "1,2";
			};
			name = Debug;
		};
		F56CC8782987C87C003FAC1B /* Release */ = {
			isa = XCBuildConfiguration;
			baseConfigurationReference = 22505A198149001A8723471A /* Pods-Kerim Kuran.release.xcconfig */;
			buildSettings = {
				ASSETCATALOG_COMPILER_APPICON_NAME = AppIcon;
				ASSETCATALOG_COMPILER_GLOBAL_ACCENT_COLOR_NAME = AccentColor;
				CODE_SIGN_STYLE = Automatic;
				CURRENT_PROJECT_VERSION = 1;
				DEVELOPMENT_TEAM = A34GH6Z753;
				GENERATE_INFOPLIST_FILE = YES;
				INFOPLIST_FILE = "Kerim Kuran/Info.plist";
				INFOPLIST_KEY_UIApplicationSupportsIndirectInputEvents = YES;
				INFOPLIST_KEY_UILaunchStoryboardName = LaunchScreen;
				INFOPLIST_KEY_UIMainStoryboardFile = Main;
				INFOPLIST_KEY_UISupportedInterfaceOrientations_iPad = "UIInterfaceOrientationPortrait UIInterfaceOrientationPortraitUpsideDown UIInterfaceOrientationLandscapeLeft UIInterfaceOrientationLandscapeRight";
				INFOPLIST_KEY_UISupportedInterfaceOrientations_iPhone = "UIInterfaceOrientationPortrait UIInterfaceOrientationLandscapeLeft UIInterfaceOrientationLandscapeRight";
				IPHONEOS_DEPLOYMENT_TARGET = 12.0;
				LD_RUNPATH_SEARCH_PATHS = (
					"$(inherited)",
					"@executable_path/Frameworks",
				);
				MARKETING_VERSION = 1.0;
				PRODUCT_BUNDLE_IDENTIFIER = "com.kamilcaglar.Kerim-Kuran";
				PRODUCT_NAME = "$(TARGET_NAME)";
				SWIFT_EMIT_LOC_STRINGS = YES;
				SWIFT_VERSION = 5.0;
				TARGETED_DEVICE_FAMILY = "1,2";
			};
			name = Release;
		};
/* End XCBuildConfiguration section */

/* Begin XCConfigurationList section */
		F56CC85D2987C87A003FAC1B /* Build configuration list for PBXProject "Kerim Kuran" */ = {
			isa = XCConfigurationList;
			buildConfigurations = (
				F56CC8742987C87C003FAC1B /* Debug */,
				F56CC8752987C87C003FAC1B /* Release */,
			);
			defaultConfigurationIsVisible = 0;
			defaultConfigurationName = Release;
		};
		F56CC8762987C87C003FAC1B /* Build configuration list for PBXNativeTarget "Kerim Kuran" */ = {
			isa = XCConfigurationList;
			buildConfigurations = (
				F56CC8772987C87C003FAC1B /* Debug */,
				F56CC8782987C87C003FAC1B /* Release */,
			);
			defaultConfigurationIsVisible = 0;
			defaultConfigurationName = Release;
		};
/* End XCConfigurationList section */
	};
	rootObject = F56CC85A2987C87A003FAC1B /* Project object */;
}
